lockfileVersion: '9.0'

settings:
  autoInstallPeers: true
  excludeLinksFromLockfile: false

importers:

  .:
    dependencies:
      '@actions/core':
        specifier: ^3.0.0
        version: 3.0.0
    devDependencies:
      '@biomejs/biome':
        specifier: ^2.4.5
        version: 2.4.5
      '@raviqqe/biome-config':
        specifier: ^2.0.24
        version: 2.0.24(@biomejs/biome@2.4.5)
      '@raviqqe/tsconfig':
        specifier: ^2.0.3
        version: 2.0.3
      '@types/node':
        specifier: ^25.3.3
        version: 25.3.3
      tsdown:
        specifier: ^0.21.0
        version: 0.21.0(typescript@5.9.3)

packages:

  '@actions/core@3.0.0':
    resolution: {integrity: sha512-zYt6cz+ivnTmiT/ksRVriMBOiuoUpDCJJlZ5KPl2/FRdvwU3f7MPh9qftvbkXJThragzUZieit2nyHUyw53Seg==}

  '@actions/exec@3.0.0':
    resolution: {integrity: sha512-6xH/puSoNBXb72VPlZVm7vQ+svQpFyA96qdDBvhB8eNZOE8LtPf9L4oAsfzK/crCL8YZ+19fKYVnM63Sl+Xzlw==}

  '@actions/http-client@4.0.0':
    resolution: {integrity: sha512-QuwPsgVMsD6qaPD57GLZi9sqzAZCtiJT8kVBCDpLtxhL5MydQ4gS+DrejtZZPdIYyB1e95uCK9Luyds7ybHI3g==}

  '@actions/io@3.0.2':
    resolution: {integrity: sha512-nRBchcMM+QK1pdjO7/idu86rbJI5YHUKCvKs0KxnSYbVe3F51UfGxuZX4Qy/fWlp6l7gWFwIkrOzN+oUK03kfw==}

  '@babel/generator@8.0.0-rc.2':
    resolution: {integrity: sha512-oCQ1IKPwkzCeJzAPb7Fv8rQ9k5+1sG8mf2uoHiMInPYvkRfrDJxbTIbH51U+jstlkghus0vAi3EBvkfvEsYNLQ==}
    engines: {node: ^20.19.0 || >=22.12.0}

  '@babel/helper-string-parser@8.0.0-rc.2':
    resolution: {integrity: sha512-noLx87RwlBEMrTzncWd/FvTxoJ9+ycHNg0n8yyYydIoDsLZuxknKgWRJUqcrVkNrJ74uGyhWQzQaS3q8xfGAhQ==}
    engines: {node: ^20.19.0 || >=22.12.0}

  '@babel/helper-validator-identifier@8.0.0-rc.2':
    resolution: {integrity: sha512-xExUBkuXWJjVuIbO7z6q7/BA9bgfJDEhVL0ggrggLMbg0IzCUWGT1hZGE8qUH7Il7/RD/a6cZ3AAFrrlp1LF/A==}
    engines: {node: ^20.19.0 || >=22.12.0}

  '@babel/parser@8.0.0-rc.2':
    resolution: {integrity: sha512-29AhEtcq4x8Dp3T72qvUMZHx0OMXCj4Jy/TEReQa+KWLln524Cj1fWb3QFi0l/xSpptQBR6y9RNEXuxpFvwiUQ==}
    engines: {node: ^20.19.0 || >=22.12.0}
    hasBin: true

  '@babel/types@8.0.0-rc.2':
    resolution: {integrity: sha512-91gAaWRznDwSX4E2tZ1YjBuIfnQVOFDCQ2r0Toby0gu4XEbyF623kXLMA8d4ZbCu+fINcrudkmEcwSUHgDDkNw==}
    engines: {node: ^20.19.0 || >=22.12.0}

  '@biomejs/biome@2.4.5':
    resolution: {integrity: sha512-OWNCyMS0Q011R6YifXNOg6qsOg64IVc7XX6SqGsrGszPbkVCoaO7Sr/lISFnXZ9hjQhDewwZ40789QmrG0GYgQ==}
    engines: {node: '>=14.21.3'}
    hasBin: true

  '@biomejs/cli-darwin-arm64@2.4.5':
    resolution: {integrity: sha512-lGS4Nd5O3KQJ6TeWv10mElnx1phERhBxqGP/IKq0SvZl78kcWDFMaTtVK+w3v3lusRFxJY78n07PbKplirsU5g==}
    engines: {node: '>=14.21.3'}
    cpu: [arm64]
    os: [darwin]

  '@biomejs/cli-darwin-x64@2.4.5':
    resolution: {integrity: sha512-6MoH4tyISIBNkZ2Q5T1R7dLd5BsITb2yhhhrU9jHZxnNSNMWl+s2Mxu7NBF8Y3a7JJcqq9nsk8i637z4gqkJxQ==}
    engines: {node: '>=14.21.3'}
    cpu: [x64]
    os: [darwin]

  '@biomejs/cli-linux-arm64-musl@2.4.5':
    resolution: {integrity: sha512-iqLDgpzobG7gpBF0fwEVS/LT8kmN7+S0E2YKFDtqliJfzNLnAiV2Nnyb+ehCDCJgAZBASkYHR2o60VQWikpqIg==}
    engines: {node: '>=14.21.3'}
    cpu: [arm64]
    os: [linux]
    libc: [musl]

  '@biomejs/cli-linux-arm64@2.4.5':
    resolution: {integrity: sha512-U1GAG6FTjhAO04MyH4xn23wRNBkT6H7NentHh+8UxD6ShXKBm5SY4RedKJzkUThANxb9rUKIPc7B8ew9Xo/cWg==}
    engines: {node: '>=14.21.3'}
    cpu: [arm64]
    os: [linux]
    libc: [glibc]

  '@biomejs/cli-linux-x64-musl@2.4.5':
    resolution: {integrity: sha512-NlKa7GpbQmNhZf9kakQeddqZyT7itN7jjWdakELeXyTU3pg/83fTysRRDPJD0akTfKDl6vZYNT9Zqn4MYZVBOA==}
    engines: {node: '>=14.21.3'}
    cpu: [x64]
    os: [linux]
    libc: [musl]

  '@biomejs/cli-linux-x64@2.4.5':
    resolution: {integrity: sha512-NdODlSugMzTlENPTa4z0xB82dTUlCpsrOxc43///aNkTLblIYH4XpYflBbf5ySlQuP8AA4AZd1qXhV07IdrHdQ==}
    engines: {node: '>=14.21.3'}
    cpu: [x64]
    os: [linux]
    libc: [glibc]

  '@biomejs/cli-win32-arm64@2.4.5':
    resolution: {integrity: sha512-EBfrTqRIWOFSd7CQb/0ttjHMR88zm3hGravnDwUA9wHAaCAYsULKDebWcN5RmrEo1KBtl/gDVJMrFjNR0pdGUw==}
    engines: {node: '>=14.21.3'}
    cpu: [arm64]
    os: [win32]

  '@biomejs/cli-win32-x64@2.4.5':
    resolution: {integrity: sha512-Pmhv9zT95YzECfjEHNl3mN9Vhusw9VA5KHY0ZvlGsxsjwS5cb7vpRnHzJIv0vG7jB0JI7xEaMH9ddfZm/RozBw==}
    engines: {node: '>=14.21.3'}
    cpu: [x64]
    os: [win32]

  '@emnapi/core@1.8.1':
    resolution: {integrity: sha512-AvT9QFpxK0Zd8J0jopedNm+w/2fIzvtPKPjqyw9jwvBaReTTqPBk9Hixaz7KbjimP+QNz605/XnjFcDAL2pqBg==}

  '@emnapi/runtime@1.8.1':
    resolution: {integrity: sha512-mehfKSMWjjNol8659Z8KxEMrdSJDDot5SXMq00dM8BN4o+CLNXQ0xH2V7EchNHV4RmbZLmmPdEaXZc5H2FXmDg==}

  '@emnapi/wasi-threads@1.1.0':
    resolution: {integrity: sha512-WI0DdZ8xFSbgMjR1sFsKABJ/C5OnRrjT06JXbZKexJGrDuPTzZdDYfFlsgcCXCyf+suG5QU2e/y1Wo2V/OapLQ==}

  '@jridgewell/gen-mapping@0.3.13':
    resolution: {integrity: sha512-2kkt/7niJ6MgEPxF0bYdQ6etZaA+fQvDcLKckhy1yIQOzaoKjBBjSj63/aLVjYE3qhRt5dvM+uUyfCg6UKCBbA==}

  '@jridgewell/resolve-uri@3.1.2':
    resolution: {integrity: sha512-bRISgCIjP20/tbWSPWMEi54QVPRZExkuD9lJL+UIxUKtwVJA8wW1Trb1jMs1RFXo1CBTNZ/5hpC9QvmKWdopKw==}
    engines: {node: '>=6.0.0'}

  '@jridgewell/sourcemap-codec@1.5.5':
    resolution: {integrity: sha512-cYQ9310grqxueWbl+WuIUIaiUaDcj7WOq5fVhEljNVgRfOUhY9fy2zTvfoqWsnebh8Sl70VScFbICvJnLKB0Og==}

  '@jridgewell/trace-mapping@0.3.31':
    resolution: {integrity: sha512-zzNR+SdQSDJzc8joaeP8QQoCQr8NuYx2dIIytl1QeBEZHJ9uW6hebsrYgbz8hJwUQao3TWCMtmfV8Nu1twOLAw==}

  '@napi-rs/wasm-runtime@1.1.1':
    resolution: {integrity: sha512-p64ah1M1ld8xjWv3qbvFwHiFVWrq1yFvV4f7w+mzaqiR4IlSgkqhcRdHwsGgomwzBH51sRY4NEowLxnaBjcW/A==}

  '@oxc-project/types@0.115.0':
    resolution: {integrity: sha512-4n91DKnebUS4yjUHl2g3/b2T+IUdCfmoZGhmwsovZCDaJSs+QkVAM+0AqqTxHSsHfeiMuueT75cZaZcT/m0pSw==}

  '@quansync/fs@1.0.0':
    resolution: {integrity: sha512-4TJ3DFtlf1L5LDMaM6CanJ/0lckGNtJcMjQ1NAV6zDmA0tEHKZtxNKin8EgPaVX1YzljbxckyT2tJrpQKAtngQ==}

  '@raviqqe/biome-config@2.0.24':
    resolution: {integrity: sha512-mccIrFYlBLRbrB7Ao2EkWqtaUweQ3IUHskq8rSlB11tSJeCyVsK851bMMw+HfgyFDuwLjVwG73pKuhPSu+D8Vw==}
    engines: {node: '>=25.2.1'}
    peerDependencies:
      '@biomejs/biome': ^2.1.4

  '@raviqqe/tsconfig@2.0.3':
    resolution: {integrity: sha512-9eTFd1ye3CcD0vfoPVkLzBr+cOTx/Vk5+feJb9KM4rWxEx3zGtXvAr2v3Er2DOdP8w0c2KhwKXFB/By2NffIHA==}
    engines: {node: '>=24.6.0'}

  '@rolldown/binding-android-arm64@1.0.0-rc.7':
    resolution: {integrity: sha512-/uadfNUaMLFFBGvcIOiq8NnlhvTZTjOyybJaJnhGxD0n9k5vZRJfTaitH5GHnbwmc6T2PC+ZpS1FQH+vXyS/UA==}
    engines: {node: ^20.19.0 || >=22.12.0}
    cpu: [arm64]
    os: [android]

  '@rolldown/binding-darwin-arm64@1.0.0-rc.7':
    resolution: {integrity: sha512-zokYr1KgRn0hRA89dmgtPj/BmKp9DxgrfAJvOEFfXa8nfYWW2nmgiYIBGpSIAJrEg7Qc/Qznovy6xYwmKh0M8g==}
    engines: {node: ^20.19.0 || >=22.12.0}
    cpu: [arm64]
    os: [darwin]

  '@rolldown/binding-darwin-x64@1.0.0-rc.7':
    resolution: {integrity: sha512-eZFjbmrapCBVgMmuLALH3pmQQQStHFuRhsFceJHk6KISW8CkI2e9OPLp9V4qXksrySQcD8XM8fpvGLs5l5C7LQ==}
    engines: {node: ^20.19.0 || >=22.12.0}
    cpu: [x64]
    os: [darwin]

  '@rolldown/binding-freebsd-x64@1.0.0-rc.7':
    resolution: {integrity: sha512-xjMrh8Dmu2DNwdY6DZsrF6YPGeesc3PaTlkh8v9cqmkSCNeTxnhX3ErhVnuv1j3n8t2IuuhQIwM9eZDINNEt5Q==}
    engines: {node: ^20.19.0 || >=22.12.0}
    cpu: [x64]
    os: [freebsd]

  '@rolldown/binding-linux-arm-gnueabihf@1.0.0-rc.7':
    resolution: {integrity: sha512-mOvftrHiXg4/xFdxJY3T9Wl1/zDAOSlMN8z9an2bXsCwuvv3RdyhYbSMZDuDO52S04w9z7+cBd90lvQSPTAQtw==}
    engines: {node: ^20.19.0 || >=22.12.0}
    cpu: [arm]
    os: [linux]

  '@rolldown/binding-linux-arm64-gnu@1.0.0-rc.7':
    resolution: {integrity: sha512-TuUkeuEEPRyXMBbJ86NRhAiPNezxHW8merl3Om2HASA9Pl1rI+VZcTtsVQ6v/P0MDIFpSl0k0+tUUze9HIXyEw==}
    engines: {node: ^20.19.0 || >=22.12.0}
    cpu: [arm64]
    os: [linux]
    libc: [glibc]

  '@rolldown/binding-linux-arm64-musl@1.0.0-rc.7':
    resolution: {integrity: sha512-G43ZElEvaby+YSOgrXfBgpeQv42LdS0ivFFYQufk2tBDWeBfzE/+ob5DmO8Izbyn4Y8k6GgLF11jFDYNnmU/3w==}
    engines: {node: ^20.19.0 || >=22.12.0}
    cpu: [arm64]
    os: [linux]
    libc: [musl]

  '@rolldown/binding-linux-ppc64-gnu@1.0.0-rc.7':
    resolution: {integrity: sha512-Y48ShVxGE2zUTt0A0PR3grCLNxW4DWtAfe5lxf6L3uYEQujwo/LGuRogMsAtOJeYLCPTJo2i714LOdnK34cHpw==}
    engines: {node: ^20.19.0 || >=22.12.0}
    cpu: [ppc64]
    os: [linux]
    libc: [glibc]

  '@rolldown/binding-linux-s390x-gnu@1.0.0-rc.7':
    resolution: {integrity: sha512-KU5DUYvX3qI8/TX6D3RA4awXi4Ge/1+M6Jqv7kRiUndpqoVGgD765xhV3Q6QvtABnYjLJenrWDl3S1B5U56ixA==}
    engines: {node: ^20.19.0 || >=22.12.0}
    cpu: [s390x]
    os: [linux]
    libc: [glibc]

  '@rolldown/binding-linux-x64-gnu@1.0.0-rc.7':
    resolution: {integrity: sha512-1THb6FdBkAEL12zvUue2bmK4W1+P+tz8Pgu5uEzq+xrtYa3iBzmmKNlyfUzCFNCqsPd8WJEQrYdLcw4iMW4AVw==}
    engines: {node: ^20.19.0 || >=22.12.0}
    cpu: [x64]
    os: [linux]
    libc: [glibc]

  '@rolldown/binding-linux-x64-musl@1.0.0-rc.7':
    resolution: {integrity: sha512-12o73atFNWDgYnLyA52QEUn9AH8pHIe12W28cmqjyHt4bIEYRzMICvYVCPa2IQm6DJBvCBrEhD9K+ct4wr2hwg==}
    engines: {node: ^20.19.0 || >=22.12.0}
    cpu: [x64]
    os: [linux]
    libc: [musl]

  '@rolldown/binding-openharmony-arm64@1.0.0-rc.7':
    resolution: {integrity: sha512-+uUgGwvuUCXl894MTsmTS2J0BnCZccFsmzV7y1jFxW5pTSxkuwL5agyPuDvDOztPeS6RrdqWkn7sT0jRd0ECkg==}
    engines: {node: ^20.19.0 || >=22.12.0}
    cpu: [arm64]
    os: [openharmony]

  '@rolldown/binding-wasm32-wasi@1.0.0-rc.7':
    resolution: {integrity: sha512-53p2L/NSy21UiFOqUGlC11kJDZS2Nx2GJRz1QvbkXovypA3cOHbsyZHLkV72JsLSbiEQe+kg4tndUhSiC31UEA==}
    engines: {node: '>=14.0.0'}
    cpu: [wasm32]

  '@rolldown/binding-win32-arm64-msvc@1.0.0-rc.7':
    resolution: {integrity: sha512-K6svNRljO6QrL6VTKxwh4yThhlR9DT/tK0XpaFQMnJwwQKng+NYcVEtUkAM0WsoiZHw+Hnh3DGnn3taf/pNYGg==}
    engines: {node: ^20.19.0 || >=22.12.0}
    cpu: [arm64]
    os: [win32]

  '@rolldown/binding-win32-x64-msvc@1.0.0-rc.7':
    resolution: {integrity: sha512-3ZJBT47VWLKVKIyvHhUSUgVwHzzZW761YAIkM3tOT+8ZTjFVp0acCM0Y2Z2j3jCl+XYi2d9y2uEWQ8H0PvvpPw==}
    engines: {node: ^20.19.0 || >=22.12.0}
    cpu: [x64]
    os: [win32]

  '@rolldown/pluginutils@1.0.0-rc.7':
    resolution: {integrity: sha512-qujRfC8sFVInYSPPMLQByRh7zhwkGFS4+tyMQ83srV1qrxL4g8E2tyxVVyxd0+8QeBM1mIk9KbWxkegRr76XzA==}

  '@tybys/wasm-util@0.10.1':
    resolution: {integrity: sha512-9tTaPJLSiejZKx+Bmog4uSubteqTvFrVrURwkmHixBo0G4seD0zUxp98E1DzUBJxLQ3NPwXrGKDiVjwx/DpPsg==}

  '@types/estree@1.0.8':
    resolution: {integrity: sha512-dWHzHa2WqEXI/O1E9OjrocMTKJl2mSrEolh1Iomrv6U+JuNwaHXsXx9bLu5gG7BUWFIN0skIQJQ/L1rIex4X6w==}

  '@types/jsesc@2.5.1':
    resolution: {integrity: sha512-9VN+6yxLOPLOav+7PwjZbxiID2bVaeq0ED4qSQmdQTdjnXJSaCVKTR58t15oqH1H5t8Ng2ZX1SabJVoN9Q34bw==}

  '@types/node@25.3.3':
    resolution: {integrity: sha512-DpzbrH7wIcBaJibpKo9nnSQL0MTRdnWttGyE5haGwK86xgMOkFLp7vEyfQPGLOJh5wNYiJ3V9PmUMDhV9u8kkQ==}

  ansis@4.2.0:
    resolution: {integrity: sha512-HqZ5rWlFjGiV0tDm3UxxgNRqsOTniqoKZu0pIAfh7TZQMGuZK+hH0drySty0si0QXj1ieop4+SkSfPZBPPkHig==}
    engines: {node: '>=14'}

  ast-kit@3.0.0-beta.1:
    resolution: {integrity: sha512-trmleAnZ2PxN/loHWVhhx1qeOHSRXq4TDsBBxq3GqeJitfk3+jTQ+v/C1km/KYq9M7wKqCewMh+/NAvVH7m+bw==}
    engines: {node: '>=20.19.0'}

  birpc@4.0.0:
    resolution: {integrity: sha512-LShSxJP0KTmd101b6DRyGBj57LZxSDYWKitQNW/mi8GRMvZb078Uf9+pveax1DrVL89vm7mWe+TovdI/UDOuPw==}

  cac@7.0.0:
    resolution: {integrity: sha512-tixWYgm5ZoOD+3g6UTea91eow5z6AAHaho3g0V9CNSNb45gM8SmflpAc+GRd1InC4AqN/07Unrgp56Y94N9hJQ==}
    engines: {node: '>=20.19.0'}

  defu@6.1.4:
    resolution: {integrity: sha512-mEQCMmwJu317oSz8CwdIOdwf3xMif1ttiM8LTufzc3g6kR+9Pe236twL8j3IYT1F7GfRgGcW6MWxzZjLIkuHIg==}

  dts-resolver@2.1.3:
    resolution: {integrity: sha512-bihc7jPC90VrosXNzK0LTE2cuLP6jr0Ro8jk+kMugHReJVLIpHz/xadeq3MhuwyO4TD4OA3L1Q8pBBFRc08Tsw==}
    engines: {node: '>=20.19.0'}
    peerDependencies:
      oxc-resolver: '>=11.0.0'
    peerDependenciesMeta:
      oxc-resolver:
        optional: true

  empathic@2.0.0:
    resolution: {integrity: sha512-i6UzDscO/XfAcNYD75CfICkmfLedpyPDdozrLMmQc5ORaQcdMoc21OnlEylMIqI7U8eniKrPMxxtj8k0vhmJhA==}
    engines: {node: '>=14'}

  estree-walker@3.0.3:
    resolution: {integrity: sha512-7RUKfXgSMMkzt6ZuXmqapOurLGPPfgj6l9uRZ7lRGolvk0y2yocc35LdcxKC5PQZdn2DMqioAQ2NoWcrTKmm6g==}

  fdir@6.5.0:
    resolution: {integrity: sha512-tIbYtZbucOs0BRGqPJkshJUYdL+SDH7dVM8gjy+ERp3WAUjLEFJE+02kanyHtwjWOnwrKYBiwAmM0p4kLJAnXg==}
    engines: {node: '>=12.0.0'}
    peerDependencies:
      picomatch: ^3 || ^4
    peerDependenciesMeta:
      picomatch:
        optional: true

  get-tsconfig@4.13.6:
    resolution: {integrity: sha512-shZT/QMiSHc/YBLxxOkMtgSid5HFoauqCE3/exfsEcwg1WkeqjG+V40yBbBrsD+jW2HDXcs28xOfcbm2jI8Ddw==}

  hookable@6.0.1:
    resolution: {integrity: sha512-uKGyY8BuzN/a5gvzvA+3FVWo0+wUjgtfSdnmjtrOVwQCZPHpHDH2WRO3VZSOeluYrHoDCiXFffZXs8Dj1ULWtw==}

  import-without-cache@0.2.5:
    resolution: {integrity: sha512-B6Lc2s6yApwnD2/pMzFh/d5AVjdsDXjgkeJ766FmFuJELIGHNycKRj+l3A39yZPM4CchqNCB4RITEAYB1KUM6A==}
    engines: {node: '>=20.19.0'}

  jsesc@3.1.0:
    resolution: {integrity: sha512-/sM3dO2FOzXjKQhJuo0Q173wf2KOo8t4I8vHy6lF9poUp7bKT0/NHE8fPX23PwfhnykfqnC2xRxOnVw5XuGIaA==}
    engines: {node: '>=6'}
    hasBin: true

  obug@2.1.1:
    resolution: {integrity: sha512-uTqF9MuPraAQ+IsnPf366RG4cP9RtUi7MLO1N3KEc+wb0a6yKpeL0lmk2IB1jY5KHPAlTc6T/JRdC/YqxHNwkQ==}

  pathe@2.0.3:
    resolution: {integrity: sha512-WUjGcAqP1gQacoQe+OBJsFA7Ld4DyXuUIjZ5cc75cLHvJ7dtNsTugphxIADwspS+AraAUePCKrSVtPLFj/F88w==}

  picomatch@4.0.3:
    resolution: {integrity: sha512-5gTmgEY/sqK6gFXLIsQNH19lWb4ebPDLA4SdLP7dsWkIXHWlG66oPuVvXSGFPppYZz8ZDZq0dYYrbHfBCVUb1Q==}
    engines: {node: '>=12'}

  quansync@1.0.0:
    resolution: {integrity: sha512-5xZacEEufv3HSTPQuchrvV6soaiACMFnq1H8wkVioctoH3TRha9Sz66lOxRwPK/qZj7HPiSveih9yAyh98gvqA==}

  resolve-pkg-maps@1.0.0:
    resolution: {integrity: sha512-seS2Tj26TBVOC2NIc2rOe2y2ZO7efxITtLZcGSOnHHNOQ7CkiUBfw0Iw2ck6xkIhPwLhKNLS8BO+hEpngQlqzw==}

  rolldown-plugin-dts@0.22.3:
    resolution: {integrity: sha512-APIGZGChvLVu05f+7bMmgf+lpvhjIvELhkOsg7c/95IVdOgULVFOX9iciaHJLaBfZeTthIgp+gryGBjgyKNA1A==}
    engines: {node: '>=20.19.0'}
    peerDependencies:
      '@ts-macro/tsc': ^0.3.6
      '@typescript/native-preview': '>=7.0.0-dev.20250601.1'
      rolldown: ^1.0.0-rc.3
      typescript: ^5.0.0 || ^6.0.0-beta
      vue-tsc: ~3.2.0
    peerDependenciesMeta:
      '@ts-macro/tsc':
        optional: true
      '@typescript/native-preview':
        optional: true
      typescript:
        optional: true
      vue-tsc:
        optional: true

  rolldown@1.0.0-rc.7:
    resolution: {integrity: sha512-5X0zEeQFzDpB3MqUWQZyO2TUQqP9VnT7CqXHF2laTFRy487+b6QZyotCazOySAuZLAvplCaOVsg1tVn/Zlmwfg==}
    engines: {node: ^20.19.0 || >=22.12.0}
    hasBin: true

  semver@7.7.4:
    resolution: {integrity: sha512-vFKC2IEtQnVhpT78h1Yp8wzwrf8CM+MzKMHGJZfBtzhZNycRFnXsHk6E5TxIkkMsgNS7mdX3AGB7x2QM2di4lA==}
    engines: {node: '>=10'}
    hasBin: true

  tinyexec@1.0.2:
    resolution: {integrity: sha512-W/KYk+NFhkmsYpuHq5JykngiOCnxeVL8v8dFnqxSD8qEEdRfXk1SDM6JzNqcERbcGYj9tMrDQBYV9cjgnunFIg==}
    engines: {node: '>=18'}

  tinyglobby@0.2.15:
    resolution: {integrity: sha512-j2Zq4NyQYG5XMST4cbs02Ak8iJUdxRM0XI5QyxXuZOzKOINmWurp3smXu3y5wDcJrptwpSjgXHzIQxR0omXljQ==}
    engines: {node: '>=12.0.0'}

  tree-kill@1.2.2:
    resolution: {integrity: sha512-L0Orpi8qGpRG//Nd+H90vFB+3iHnue1zSSGmNOOCh1GLJ7rUKVwV2HvijphGQS2UmhUZewS9VgvxYIdgr+fG1A==}
    hasBin: true

  tsdown@0.21.0:
    resolution: {integrity: sha512-Sw/ehzVhjYLD7HVBPybJHDxpcaeyFjPcaDCME23o9O4fyuEl6ibYEdrnB8W8UchYAGoayKqzWQqx/oIp3jn/Vg==}
    engines: {node: '>=20.19.0'}
    hasBin: true
    peerDependencies:
      '@arethetypeswrong/core': ^0.18.1
      '@tsdown/css': 0.21.0
      '@tsdown/exe': 0.21.0
      '@vitejs/devtools': '*'
      publint: ^0.3.0
      typescript: ^5.0.0
      unplugin-unused: ^0.5.0
    peerDependenciesMeta:
      '@arethetypeswrong/core':
        optional: true
      '@tsdown/css':
        optional: true
      '@tsdown/exe':
        optional: true
      '@vitejs/devtools':
        optional: true
      publint:
        optional: true
      typescript:
        optional: true
      unplugin-unused:
        optional: true

  tslib@2.8.1:
    resolution: {integrity: sha512-oJFu94HQb+KVduSUQL7wnpmqnfmLsOA/nAh6b6EH0wCEoK0/mPeXU6c3wKDV83MkOuHPRHtSXKKU99IBazS/2w==}

  tunnel@0.0.6:
    resolution: {integrity: sha512-1h/Lnq9yajKY2PEbBadPXj3VxsDDu844OnaAo52UVmIzIvwwtBPIuNvkjuzBlTWpfJyUbG3ez0KSBibQkj4ojg==}
    engines: {node: '>=0.6.11 <=0.7.0 || >=0.7.3'}

  typescript@5.9.3:
    resolution: {integrity: sha512-jl1vZzPDinLr9eUt3J/t7V6FgNEw9QjvBPdysz9KfQDD41fQrC2Y4vKQdiaUpFT4bXlb1RHhLpp8wtm6M5TgSw==}
    engines: {node: '>=14.17'}
    hasBin: true

  unconfig-core@7.5.0:
    resolution: {integrity: sha512-Su3FauozOGP44ZmKdHy2oE6LPjk51M/TRRjHv2HNCWiDvfvCoxC2lno6jevMA91MYAdCdwP05QnWdWpSbncX/w==}

  undici-types@7.18.2:
    resolution: {integrity: sha512-AsuCzffGHJybSaRrmr5eHr81mwJU3kjw6M+uprWvCXiNeN9SOGwQ3Jn8jb8m3Z6izVgknn1R0FTCEAP2QrLY/w==}

  undici@6.23.0:
    resolution: {integrity: sha512-VfQPToRA5FZs/qJxLIinmU59u0r7LXqoJkCzinq3ckNJp3vKEh7jTWN589YQ5+aoAC/TGRLyJLCPKcLQbM8r9g==}
    engines: {node: '>=18.17'}

  unrun@0.2.30:
    resolution: {integrity: sha512-a4W1wDADI0gvDDr14T0ho1FgMhmfjq6M8Iz8q234EnlxgH/9cMHDueUSLwTl1fwSBs5+mHrLFYH+7B8ao36EBA==}
    engines: {node: '>=20.19.0'}
    hasBin: true
    peerDependencies:
      synckit: ^0.11.11
    peerDependenciesMeta:
      synckit:
        optional: true

snapshots:

  '@actions/core@3.0.0':
    dependencies:
      '@actions/exec': 3.0.0
      '@actions/http-client': 4.0.0

  '@actions/exec@3.0.0':
    dependencies:
      '@actions/io': 3.0.2

  '@actions/http-client@4.0.0':
    dependencies:
      tunnel: 0.0.6
      undici: 6.23.0

  '@actions/io@3.0.2': {}

  '@babel/generator@8.0.0-rc.2':
    dependencies:
      '@babel/parser': 8.0.0-rc.2
      '@babel/types': 8.0.0-rc.2
      '@jridgewell/gen-mapping': 0.3.13
      '@jridgewell/trace-mapping': 0.3.31
      '@types/jsesc': 2.5.1
      jsesc: 3.1.0

  '@babel/helper-string-parser@8.0.0-rc.2': {}

  '@babel/helper-validator-identifier@8.0.0-rc.2': {}

  '@babel/parser@8.0.0-rc.2':
    dependencies:
      '@babel/types': 8.0.0-rc.2

  '@babel/types@8.0.0-rc.2':
    dependencies:
      '@babel/helper-string-parser': 8.0.0-rc.2
      '@babel/helper-validator-identifier': 8.0.0-rc.2

  '@biomejs/biome@2.4.5':
    optionalDependencies:
      '@biomejs/cli-darwin-arm64': 2.4.5
      '@biomejs/cli-darwin-x64': 2.4.5
      '@biomejs/cli-linux-arm64': 2.4.5
      '@biomejs/cli-linux-arm64-musl': 2.4.5
      '@biomejs/cli-linux-x64': 2.4.5
      '@biomejs/cli-linux-x64-musl': 2.4.5
      '@biomejs/cli-win32-arm64': 2.4.5
      '@biomejs/cli-win32-x64': 2.4.5

  '@biomejs/cli-darwin-arm64@2.4.5':
    optional: true

  '@biomejs/cli-darwin-x64@2.4.5':
    optional: true

  '@biomejs/cli-linux-arm64-musl@2.4.5':
    optional: true

  '@biomejs/cli-linux-arm64@2.4.5':
    optional: true

  '@biomejs/cli-linux-x64-musl@2.4.5':
    optional: true

  '@biomejs/cli-linux-x64@2.4.5':
    optional: true

  '@biomejs/cli-win32-arm64@2.4.5':
    optional: true

  '@biomejs/cli-win32-x64@2.4.5':
    optional: true

  '@emnapi/core@1.8.1':
    dependencies:
      '@emnapi/wasi-threads': 1.1.0
      tslib: 2.8.1
    optional: true

  '@emnapi/runtime@1.8.1':
    dependencies:
      tslib: 2.8.1
    optional: true

  '@emnapi/wasi-threads@1.1.0':
    dependencies:
      tslib: 2.8.1
    optional: true

  '@jridgewell/gen-mapping@0.3.13':
    dependencies:
      '@jridgewell/sourcemap-codec': 1.5.5
      '@jridgewell/trace-mapping': 0.3.31

  '@jridgewell/resolve-uri@3.1.2': {}

  '@jridgewell/sourcemap-codec@1.5.5': {}

  '@jridgewell/trace-mapping@0.3.31':
    dependencies:
      '@jridgewell/resolve-uri': 3.1.2
      '@jridgewell/sourcemap-codec': 1.5.5

  '@napi-rs/wasm-runtime@1.1.1':
    dependencies:
      '@emnapi/core': 1.8.1
      '@emnapi/runtime': 1.8.1
      '@tybys/wasm-util': 0.10.1
    optional: true

  '@oxc-project/types@0.115.0': {}

  '@quansync/fs@1.0.0':
    dependencies:
      quansync: 1.0.0

  '@raviqqe/biome-config@2.0.24(@biomejs/biome@2.4.5)':
    dependencies:
      '@biomejs/biome': 2.4.5

  '@raviqqe/tsconfig@2.0.3':
    dependencies:
      typescript: 5.9.3

  '@rolldown/binding-android-arm64@1.0.0-rc.7':
    optional: true

  '@rolldown/binding-darwin-arm64@1.0.0-rc.7':
    optional: true

  '@rolldown/binding-darwin-x64@1.0.0-rc.7':
    optional: true

  '@rolldown/binding-freebsd-x64@1.0.0-rc.7':
    optional: true

  '@rolldown/binding-linux-arm-gnueabihf@1.0.0-rc.7':
    optional: true

  '@rolldown/binding-linux-arm64-gnu@1.0.0-rc.7':
    optional: true

  '@rolldown/binding-linux-arm64-musl@1.0.0-rc.7':
    optional: true

  '@rolldown/binding-linux-ppc64-gnu@1.0.0-rc.7':
    optional: true

  '@rolldown/binding-linux-s390x-gnu@1.0.0-rc.7':
    optional: true

  '@rolldown/binding-linux-x64-gnu@1.0.0-rc.7':
    optional: true

  '@rolldown/binding-linux-x64-musl@1.0.0-rc.7':
    optional: true

  '@rolldown/binding-openharmony-arm64@1.0.0-rc.7':
    optional: true

  '@rolldown/binding-wasm32-wasi@1.0.0-rc.7':
    dependencies:
      '@napi-rs/wasm-runtime': 1.1.1
    optional: true

  '@rolldown/binding-win32-arm64-msvc@1.0.0-rc.7':
    optional: true

  '@rolldown/binding-win32-x64-msvc@1.0.0-rc.7':
    optional: true

  '@rolldown/pluginutils@1.0.0-rc.7': {}

  '@tybys/wasm-util@0.10.1':
    dependencies:
      tslib: 2.8.1
    optional: true

  '@types/estree@1.0.8': {}

  '@types/jsesc@2.5.1': {}

  '@types/node@25.3.3':
    dependencies:
      undici-types: 7.18.2

  ansis@4.2.0: {}

  ast-kit@3.0.0-beta.1:
    dependencies:
      '@babel/parser': 8.0.0-rc.2
      estree-walker: 3.0.3
      pathe: 2.0.3

  birpc@4.0.0: {}

  cac@7.0.0: {}

  defu@6.1.4: {}

  dts-resolver@2.1.3: {}

  empathic@2.0.0: {}

  estree-walker@3.0.3:
    dependencies:
      '@types/estree': 1.0.8

  fdir@6.5.0(picomatch@4.0.3):
    optionalDependencies:
      picomatch: 4.0.3

  get-tsconfig@4.13.6:
    dependencies:
      resolve-pkg-maps: 1.0.0

  hookable@6.0.1: {}

  import-without-cache@0.2.5: {}

  jsesc@3.1.0: {}

  obug@2.1.1: {}

  pathe@2.0.3: {}

  picomatch@4.0.3: {}

  quansync@1.0.0: {}

  resolve-pkg-maps@1.0.0: {}

  rolldown-plugin-dts@0.22.3(rolldown@1.0.0-rc.7)(typescript@5.9.3):
    dependencies:
      '@babel/generator': 8.0.0-rc.2
      '@babel/helper-validator-identifier': 8.0.0-rc.2
      '@babel/parser': 8.0.0-rc.2
      '@babel/types': 8.0.0-rc.2
      ast-kit: 3.0.0-beta.1
      birpc: 4.0.0
      dts-resolver: 2.1.3
      get-tsconfig: 4.13.6
      obug: 2.1.1
      rolldown: 1.0.0-rc.7
    optionalDependencies:
      typescript: 5.9.3
    transitivePeerDependencies:
      - oxc-resolver

  rolldown@1.0.0-rc.7:
    dependencies:
      '@oxc-project/types': 0.115.0
      '@rolldown/pluginutils': 1.0.0-rc.7
    optionalDependencies:
      '@rolldown/binding-android-arm64': 1.0.0-rc.7
      '@rolldown/binding-darwin-arm64': 1.0.0-rc.7
      '@rolldown/binding-darwin-x64': 1.0.0-rc.7
      '@rolldown/binding-freebsd-x64': 1.0.0-rc.7
      '@rolldown/binding-linux-arm-gnueabihf': 1.0.0-rc.7
      '@rolldown/binding-linux-arm64-gnu': 1.0.0-rc.7
      '@rolldown/binding-linux-arm64-musl': 1.0.0-rc.7
      '@rolldown/binding-linux-ppc64-gnu': 1.0.0-rc.7
      '@rolldown/binding-linux-s390x-gnu': 1.0.0-rc.7
      '@rolldown/binding-linux-x64-gnu': 1.0.0-rc.7
      '@rolldown/binding-linux-x64-musl': 1.0.0-rc.7
      '@rolldown/binding-openharmony-arm64': 1.0.0-rc.7
      '@rolldown/binding-wasm32-wasi': 1.0.0-rc.7
      '@rolldown/binding-win32-arm64-msvc': 1.0.0-rc.7
      '@rolldown/binding-win32-x64-msvc': 1.0.0-rc.7

  semver@7.7.4: {}

  tinyexec@1.0.2: {}

  tinyglobby@0.2.15:
    dependencies:
      fdir: 6.5.0(picomatch@4.0.3)
      picomatch: 4.0.3

  tree-kill@1.2.2: {}

  tsdown@0.21.0(typescript@5.9.3):
    dependencies:
      ansis: 4.2.0
      cac: 7.0.0
      defu: 6.1.4
      empathic: 2.0.0
      hookable: 6.0.1
      import-without-cache: 0.2.5
      obug: 2.1.1
      picomatch: 4.0.3
      rolldown: 1.0.0-rc.7
      rolldown-plugin-dts: 0.22.3(rolldown@1.0.0-rc.7)(typescript@5.9.3)
      semver: 7.7.4
      tinyexec: 1.0.2
      tinyglobby: 0.2.15
      tree-kill: 1.2.2
      unconfig-core: 7.5.0
      unrun: 0.2.30
    optionalDependencies:
      typescript: 5.9.3
    transitivePeerDependencies:
      - '@ts-macro/tsc'
      - '@typescript/native-preview'
      - oxc-resolver
      - synckit
      - vue-tsc

  tslib@2.8.1:
    optional: true

  tunnel@0.0.6: {}

  typescript@5.9.3: {}

  unconfig-core@7.5.0:
    dependencies:
      '@quansync/fs': 1.0.0
      quansync: 1.0.0

  undici-types@7.18.2: {}

  undici@6.23.0: {}

  unrun@0.2.30:
    dependencies:
      rolldown: 1.0.0-rc.7
