lockfileVersion: '9.0'

settings:
  autoInstallPeers: true
  excludeLinksFromLockfile: false

importers:

  .:
    dependencies:
      '@actions/core':
        specifier: ^3.0.0
        version: 3.0.0
    devDependencies:
      '@raviqqe/tsconfig':
        specifier: ^2.0.3
        version: 2.0.3

packages:

  '@actions/core@3.0.0':
    resolution: {integrity: sha512-zYt6cz+ivnTmiT/ksRVriMBOiuoUpDCJJlZ5KPl2/FRdvwU3f7MPh9qftvbkXJThragzUZieit2nyHUyw53Seg==}

  '@actions/exec@3.0.0':
    resolution: {integrity: sha512-6xH/puSoNBXb72VPlZVm7vQ+svQpFyA96qdDBvhB8eNZOE8LtPf9L4oAsfzK/crCL8YZ+19fKYVnM63Sl+Xzlw==}

  '@actions/http-client@4.0.0':
    resolution: {integrity: sha512-QuwPsgVMsD6qaPD57GLZi9sqzAZCtiJT8kVBCDpLtxhL5MydQ4gS+DrejtZZPdIYyB1e95uCK9Luyds7ybHI3g==}

  '@actions/io@3.0.2':
    resolution: {integrity: sha512-nRBchcMM+QK1pdjO7/idu86rbJI5YHUKCvKs0KxnSYbVe3F51UfGxuZX4Qy/fWlp6l7gWFwIkrOzN+oUK03kfw==}

  '@raviqqe/tsconfig@2.0.3':
    resolution: {integrity: sha512-9eTFd1ye3CcD0vfoPVkLzBr+cOTx/Vk5+feJb9KM4rWxEx3zGtXvAr2v3Er2DOdP8w0c2KhwKXFB/By2NffIHA==}
    engines: {node: '>=24.6.0'}

  tunnel@0.0.6:
    resolution: {integrity: sha512-1h/Lnq9yajKY2PEbBadPXj3VxsDDu844OnaAo52UVmIzIvwwtBPIuNvkjuzBlTWpfJyUbG3ez0KSBibQkj4ojg==}
    engines: {node: '>=0.6.11 <=0.7.0 || >=0.7.3'}

  typescript@5.9.3:
    resolution: {integrity: sha512-jl1vZzPDinLr9eUt3J/t7V6FgNEw9QjvBPdysz9KfQDD41fQrC2Y4vKQdiaUpFT4bXlb1RHhLpp8wtm6M5TgSw==}
    engines: {node: '>=14.17'}
    hasBin: true

  undici@6.23.0:
    resolution: {integrity: sha512-VfQPToRA5FZs/qJxLIinmU59u0r7LXqoJkCzinq3ckNJp3vKEh7jTWN589YQ5+aoAC/TGRLyJLCPKcLQbM8r9g==}
    engines: {node: '>=18.17'}

snapshots:

  '@actions/core@3.0.0':
    dependencies:
      '@actions/exec': 3.0.0
      '@actions/http-client': 4.0.0

  '@actions/exec@3.0.0':
    dependencies:
      '@actions/io': 3.0.2

  '@actions/http-client@4.0.0':
    dependencies:
      tunnel: 0.0.6
      undici: 6.23.0

  '@actions/io@3.0.2': {}

  '@raviqqe/tsconfig@2.0.3':
    dependencies:
      typescript: 5.9.3

  tunnel@0.0.6: {}

  typescript@5.9.3: {}

  undici@6.23.0: {}
